
Microsoft Visual Studio Solution File, Format Version 12.00
# Visual Studio Version 16
VisualStudioVersion = 16.0.30128.74
MinimumVisualStudioVersion = 10.0.40219.1
Project("{FAE04EC0-301F-11D3-BF4B-00C04F79EFBC}") = "Projekt", "Projekt\Projekt.csproj", "{7F127CEA-7BDA-49C6-8F56-F88F76EB3493}"
EndProject
Project("{FAE04EC0-301F-11D3-BF4B-00C04F79EFBC}") = "WpfApp1", "WpfApp1\WpfApp1.csproj", "{93E662A6-BCAF-41FA-9D66-A6FE085C2ED3}"
EndProject
Project("{FAE04EC0-301F-11D3-BF4B-00C04F79EFBC}") = "UnitTest", "UnitTest\UnitTest.csproj", "{FE322AFD-AABE-477E-A615-3235FC6DD1BA}"
EndProject
Global
	GlobalSection(SolutionConfigurationPlatforms) = preSolution
		Debug|Any CPU = Debug|Any CPU
		Release|Any CPU = Release|Any CPU
	EndGlobalSection
	GlobalSection(ProjectConfigurationPlatforms) = postSolution
		{7F127CEA-7BDA-49C6-8F56-F88F76EB3493}.Debug|Any CPU.ActiveCfg = Debug|Any CPU
		{7F127CEA-7BDA-49C6-8F56-F88F76EB3493}.Debug|Any CPU.Build.0 = Debug|Any CPU
		{7F127CEA-7BDA-49C6-8F56-F88F76EB3493}.Release|Any CPU.ActiveCfg = Release|Any CPU
		{7F127CEA-7BDA-49C6-8F56-F88F76EB3493}.Release|Any CPU.Build.0 = Release|Any CPU
		{93E662A6-BCAF-41FA-9D66-A6FE085C2ED3}.Debug|Any CPU.ActiveCfg = Debug|Any CPU
		{93E662A6-BCAF-41FA-9D66-A6FE085C2ED3}.Debug|Any CPU.Build.0 = Debug|Any CPU
		{93E662A6-BCAF-41FA-9D66-A6FE085C2ED3}.Release|Any CPU.ActiveCfg = Release|Any CPU
		{93E662A6-BCAF-41FA-9D66-A6FE085C2ED3}.Release|Any CPU.Build.0 = Release|Any CPU
		{FE322AFD-AABE-477E-A615-3235FC6DD1BA}.Debug|Any CPU.ActiveCfg = Debug|Any CPU
		{FE322AFD-AABE-477E-A615-3235FC6DD1BA}.Debug|Any CPU.Build.0 = Debug|Any CPU
		{FE322AFD-AABE-477E-A615-3235FC6DD1BA}.Release|Any CPU.ActiveCfg = Release|Any CPU
		{FE322AFD-AABE-477E-A615-3235FC6DD1BA}.Release|Any CPU.Build.0 = Release|Any CPU
	EndGlobalSection
	GlobalSection(SolutionProperties) = preSolution
		HideSolutionNode = FALSE
	EndGlobalSection
	GlobalSection(ExtensibilityGlobals) = postSolution
		SolutionGuid = {C095BE7A-BFEC-4740-B75B-6DE6E01DE5B1}
	EndGlobalSection
EndGlobal
